
Microsoft Visual Studio Solution File, Format Version 12.00
# Visual Studio Version 16
VisualStudioVersion = 16.0.29306.81
MinimumVisualStudioVersion = 10.0.40219.1
Project("{FAE04EC0-301F-11D3-BF4B-00C04F79EFBC}") = "NumberInRange1To100", "NumberInRange1To100\NumberInRange1To100.csproj", "{33BFE192-B04D-46B5-BB93-F78BB9EAAC85}"
EndProject
Project("{FAE04EC0-301F-11D3-BF4B-00C04F79EFBC}") = "Password", "Password\Password.csproj", "{E17EB545-731B-4833-9129-C4A7BD463C69}"
EndProject
Project("{FAE04EC0-301F-11D3-BF4B-00C04F79EFBC}") = "Sequence2k+1", "Sequence2k+1\Sequence2k+1.csproj", "{A18A760A-F588-4E9C-BB94-4A42CE513DCC}"
EndProject
Project("{FAE04EC0-301F-11D3-BF4B-00C04F79EFBC}") = "AccountBalance", "AccountBalance\AccountBalance.csproj", "{C679F6CA-353E-4F26-A067-E8372A8ABA75}"
EndProject
Project("{FAE04EC0-301F-11D3-BF4B-00C04F79EFBC}") = "MaxNumber", "MaxNumber\MaxNumber.csproj", "{0E874016-6AF1-45E5-B4D8-F6EC04B110B9}"
EndProject
Project("{FAE04EC0-301F-11D3-BF4B-00C04F79EFBC}") = "MaxNumber2", "MaxNumber2\MaxNumber2.csproj", "{17E3FFCC-FCA8-4DB2-AE43-22CC3F9F89A8}"
EndProject
Project("{FAE04EC0-301F-11D3-BF4B-00C04F79EFBC}") = "MinNumber", "MinNumber\MinNumber.csproj", "{E7354AA1-9D59-4B8E-B327-31DFC6730A41}"
EndProject
Project("{FAE04EC0-301F-11D3-BF4B-00C04F79EFBC}") = "Graduation", "Graduation\Graduation.csproj", "{0B758B13-A189-4300-808E-700E722A440E}"
EndProject
Project("{FAE04EC0-301F-11D3-BF4B-00C04F79EFBC}") = "GraduationPt2", "GraduationPt2\GraduationPt2.csproj", "{FE19A799-D115-475D-A9AC-0AD2913A3A2F}"
EndProject
Project("{FAE04EC0-301F-11D3-BF4B-00C04F79EFBC}") = "Moving", "Moving\Moving.csproj", "{390DD6A6-BA93-4ADA-9730-CA694D7B651D}"
EndProject
Global
	GlobalSection(SolutionConfigurationPlatforms) = preSolution
		Debug|Any CPU = Debug|Any CPU
		Release|Any CPU = Release|Any CPU
	EndGlobalSection
	GlobalSection(ProjectConfigurationPlatforms) = postSolution
		{33BFE192-B04D-46B5-BB93-F78BB9EAAC85}.Debug|Any CPU.ActiveCfg = Debug|Any CPU
		{33BFE192-B04D-46B5-BB93-F78BB9EAAC85}.Debug|Any CPU.Build.0 = Debug|Any CPU
		{33BFE192-B04D-46B5-BB93-F78BB9EAAC85}.Release|Any CPU.ActiveCfg = Release|Any CPU
		{33BFE192-B04D-46B5-BB93-F78BB9EAAC85}.Release|Any CPU.Build.0 = Release|Any CPU
		{E17EB545-731B-4833-9129-C4A7BD463C69}.Debug|Any CPU.ActiveCfg = Debug|Any CPU
		{E17EB545-731B-4833-9129-C4A7BD463C69}.Debug|Any CPU.Build.0 = Debug|Any CPU
		{E17EB545-731B-4833-9129-C4A7BD463C69}.Release|Any CPU.ActiveCfg = Release|Any CPU
		{E17EB545-731B-4833-9129-C4A7BD463C69}.Release|Any CPU.Build.0 = Release|Any CPU
		{A18A760A-F588-4E9C-BB94-4A42CE513DCC}.Debug|Any CPU.ActiveCfg = Debug|Any CPU
		{A18A760A-F588-4E9C-BB94-4A42CE513DCC}.Debug|Any CPU.Build.0 = Debug|Any CPU
		{A18A760A-F588-4E9C-BB94-4A42CE513DCC}.Release|Any CPU.ActiveCfg = Release|Any CPU
		{A18A760A-F588-4E9C-BB94-4A42CE513DCC}.Release|Any CPU.Build.0 = Release|Any CPU
		{C679F6CA-353E-4F26-A067-E8372A8ABA75}.Debug|Any CPU.ActiveCfg = Debug|Any CPU
		{C679F6CA-353E-4F26-A067-E8372A8ABA75}.Debug|Any CPU.Build.0 = Debug|Any CPU
		{C679F6CA-353E-4F26-A067-E8372A8ABA75}.Release|Any CPU.ActiveCfg = Release|Any CPU
		{C679F6CA-353E-4F26-A067-E8372A8ABA75}.Release|Any CPU.Build.0 = Release|Any CPU
		{0E874016-6AF1-45E5-B4D8-F6EC04B110B9}.Debug|Any CPU.ActiveCfg = Debug|Any CPU
		{0E874016-6AF1-45E5-B4D8-F6EC04B110B9}.Debug|Any CPU.Build.0 = Debug|Any CPU
		{0E874016-6AF1-45E5-B4D8-F6EC04B110B9}.Release|Any CPU.ActiveCfg = Release|Any CPU
		{0E874016-6AF1-45E5-B4D8-F6EC04B110B9}.Release|Any CPU.Build.0 = Release|Any CPU
		{17E3FFCC-FCA8-4DB2-AE43-22CC3F9F89A8}.Debug|Any CPU.ActiveCfg = Debug|Any CPU
		{17E3FFCC-FCA8-4DB2-AE43-22CC3F9F89A8}.Debug|Any CPU.Build.0 = Debug|Any CPU
		{17E3FFCC-FCA8-4DB2-AE43-22CC3F9F89A8}.Release|Any CPU.ActiveCfg = Release|Any CPU
		{17E3FFCC-FCA8-4DB2-AE43-22CC3F9F89A8}.Release|Any CPU.Build.0 = Release|Any CPU
		{E7354AA1-9D59-4B8E-B327-31DFC6730A41}.Debug|Any CPU.ActiveCfg = Debug|Any CPU
		{E7354AA1-9D59-4B8E-B327-31DFC6730A41}.Debug|Any CPU.Build.0 = Debug|Any CPU
		{E7354AA1-9D59-4B8E-B327-31DFC6730A41}.Release|Any CPU.ActiveCfg = Release|Any CPU
		{E7354AA1-9D59-4B8E-B327-31DFC6730A41}.Release|Any CPU.Build.0 = Release|Any CPU
		{0B758B13-A189-4300-808E-700E722A440E}.Debug|Any CPU.ActiveCfg = Debug|Any CPU
		{0B758B13-A189-4300-808E-700E722A440E}.Debug|Any CPU.Build.0 = Debug|Any CPU
		{0B758B13-A189-4300-808E-700E722A440E}.Release|Any CPU.ActiveCfg = Release|Any CPU
		{0B758B13-A189-4300-808E-700E722A440E}.Release|Any CPU.Build.0 = Release|Any CPU
		{FE19A799-D115-475D-A9AC-0AD2913A3A2F}.Debug|Any CPU.ActiveCfg = Debug|Any CPU
		{FE19A799-D115-475D-A9AC-0AD2913A3A2F}.Debug|Any CPU.Build.0 = Debug|Any CPU
		{FE19A799-D115-475D-A9AC-0AD2913A3A2F}.Release|Any CPU.ActiveCfg = Release|Any CPU
		{FE19A799-D115-475D-A9AC-0AD2913A3A2F}.Release|Any CPU.Build.0 = Release|Any CPU
		{390DD6A6-BA93-4ADA-9730-CA694D7B651D}.Debug|Any CPU.ActiveCfg = Debug|Any CPU
		{390DD6A6-BA93-4ADA-9730-CA694D7B651D}.Debug|Any CPU.Build.0 = Debug|Any CPU
		{390DD6A6-BA93-4ADA-9730-CA694D7B651D}.Release|Any CPU.ActiveCfg = Release|Any CPU
		{390DD6A6-BA93-4ADA-9730-CA694D7B651D}.Release|Any CPU.Build.0 = Release|Any CPU
	EndGlobalSection
	GlobalSection(SolutionProperties) = preSolution
		HideSolutionNode = FALSE
	EndGlobalSection
	GlobalSection(ExtensibilityGlobals) = postSolution
		SolutionGuid = {CAB441B8-2F15-415A-B81A-9DBF7B64C145}
	EndGlobalSection
EndGlobal
